
Microsoft Visual Studio Solution File, Format Version 12.00
# Visual Studio Version 17
VisualStudioVersion = 17.11.35327.3
MinimumVisualStudioVersion = 10.0.40219.1
Project("{9A19103F-16F7-4668-BE54-9A1E7A4F7556}") = "API", "API\API.csproj", "{EDBE0B14-004F-4A57-A687-2DAE941D5309}"
EndProject
Project("{9A19103F-16F7-4668-BE54-9A1E7A4F7556}") = "UI", "UI\UI\UI.csproj", "{9E69BDFC-63B8-425A-BEC7-B8918B9CF520}"
EndProject
Project("{9A19103F-16F7-4668-BE54-9A1E7A4F7556}") = "UI.App", "UI.App\UI.App.csproj", "{6FA6C760-F438-4CD4-BBA0-4E042208F4CE}"
EndProject
Project("{9A19103F-16F7-4668-BE54-9A1E7A4F7556}") = "UI.Components", "UI.Components\UI.Components.csproj", "{B27125F6-6531-4E49-99D6-F34CEF1F685F}"
EndProject
Project("{9A19103F-16F7-4668-BE54-9A1E7A4F7556}") = "UI.App.Class", "UI.App.Class\UI.App.Class.csproj", "{33568BF0-A01D-4E3A-9188-70275FED9CEB}"
EndProject
Project("{9A19103F-16F7-4668-BE54-9A1E7A4F7556}") = "Domain.Entity", "Domain.Entity\Domain.Entity.csproj", "{7415D4BD-C7EC-4294-8C4D-DBC6333B91FB}"
EndProject
Project("{E53339B2-1760-4266-BCC7-CA923CBCF16C}") = "docker-compose", "docker-compose.dcproj", "{2848FD34-5E90-432E-81D3-3EA04A933B6A}"
EndProject
Project("{9A19103F-16F7-4668-BE54-9A1E7A4F7556}") = "Domain.Dto", "Domain.Dto\Domain.Dto.csproj", "{1B2FCCF5-7DE9-4405-A6C2-C7985021F228}"
EndProject
Project("{9A19103F-16F7-4668-BE54-9A1E7A4F7556}") = "AgendaE.Common", "AgendaE.Common\AgendaE.Common.csproj", "{38F71CED-5954-412A-AE31-4DFFB9CE8BCF}"
EndProject
Project("{9A19103F-16F7-4668-BE54-9A1E7A4F7556}") = "AgendaE.DataAccess", "AgendaE.DataAccess\AgendaE.DataAccess.csproj", "{45FEE6E5-C781-4A05-9874-FAC3FE150A79}"
EndProject
Project("{9A19103F-16F7-4668-BE54-9A1E7A4F7556}") = "AgendaE.Boot", "AgendaE.Boot\AgendaE.Boot.csproj", "{9B321275-FF69-4EF5-8848-501E1EFFCEEA}"
EndProject
Project("{9A19103F-16F7-4668-BE54-9A1E7A4F7556}") = "AgendaE.Core", "AgendaE.Core\AgendaE.Core.csproj", "{D9F06C87-8020-4726-9F4C-50A6E570940E}"
EndProject
Project("{9A19103F-16F7-4668-BE54-9A1E7A4F7556}") = "UI.App.HE", "UI.App.HE\UI.App.HE.csproj", "{4C4423B1-0C8A-4025-ADAB-93A3293D090D}"
EndProject
Project("{9A19103F-16F7-4668-BE54-9A1E7A4F7556}") = "AgendaE.CoreClient", "AgendaE.CoreClient\AgendaE.CoreClient.csproj", "{81A42C90-B2B1-48AD-91CF-863B39E0013E}"
EndProject
Global
	GlobalSection(SolutionConfigurationPlatforms) = preSolution
		Debug|Any CPU = Debug|Any CPU
		Release|Any CPU = Release|Any CPU
	EndGlobalSection
	GlobalSection(ProjectConfigurationPlatforms) = postSolution
		{EDBE0B14-004F-4A57-A687-2DAE941D5309}.Debug|Any CPU.ActiveCfg = Debug|Any CPU
		{EDBE0B14-004F-4A57-A687-2DAE941D5309}.Debug|Any CPU.Build.0 = Debug|Any CPU
		{EDBE0B14-004F-4A57-A687-2DAE941D5309}.Release|Any CPU.ActiveCfg = Release|Any CPU
		{EDBE0B14-004F-4A57-A687-2DAE941D5309}.Release|Any CPU.Build.0 = Release|Any CPU
		{9E69BDFC-63B8-425A-BEC7-B8918B9CF520}.Debug|Any CPU.ActiveCfg = Debug|Any CPU
		{9E69BDFC-63B8-425A-BEC7-B8918B9CF520}.Debug|Any CPU.Build.0 = Debug|Any CPU
		{9E69BDFC-63B8-425A-BEC7-B8918B9CF520}.Release|Any CPU.ActiveCfg = Release|Any CPU
		{9E69BDFC-63B8-425A-BEC7-B8918B9CF520}.Release|Any CPU.Build.0 = Release|Any CPU
		{6FA6C760-F438-4CD4-BBA0-4E042208F4CE}.Debug|Any CPU.ActiveCfg = Debug|Any CPU
		{6FA6C760-F438-4CD4-BBA0-4E042208F4CE}.Debug|Any CPU.Build.0 = Debug|Any CPU
		{6FA6C760-F438-4CD4-BBA0-4E042208F4CE}.Release|Any CPU.ActiveCfg = Release|Any CPU
		{6FA6C760-F438-4CD4-BBA0-4E042208F4CE}.Release|Any CPU.Build.0 = Release|Any CPU
		{B27125F6-6531-4E49-99D6-F34CEF1F685F}.Debug|Any CPU.ActiveCfg = Debug|Any CPU
		{B27125F6-6531-4E49-99D6-F34CEF1F685F}.Debug|Any CPU.Build.0 = Debug|Any CPU
		{B27125F6-6531-4E49-99D6-F34CEF1F685F}.Release|Any CPU.ActiveCfg = Release|Any CPU
		{B27125F6-6531-4E49-99D6-F34CEF1F685F}.Release|Any CPU.Build.0 = Release|Any CPU
		{33568BF0-A01D-4E3A-9188-70275FED9CEB}.Debug|Any CPU.ActiveCfg = Debug|Any CPU
		{33568BF0-A01D-4E3A-9188-70275FED9CEB}.Debug|Any CPU.Build.0 = Debug|Any CPU
		{33568BF0-A01D-4E3A-9188-70275FED9CEB}.Release|Any CPU.ActiveCfg = Release|Any CPU
		{33568BF0-A01D-4E3A-9188-70275FED9CEB}.Release|Any CPU.Build.0 = Release|Any CPU
		{7415D4BD-C7EC-4294-8C4D-DBC6333B91FB}.Debug|Any CPU.ActiveCfg = Debug|Any CPU
		{7415D4BD-C7EC-4294-8C4D-DBC6333B91FB}.Debug|Any CPU.Build.0 = Debug|Any CPU
		{7415D4BD-C7EC-4294-8C4D-DBC6333B91FB}.Release|Any CPU.ActiveCfg = Release|Any CPU
		{7415D4BD-C7EC-4294-8C4D-DBC6333B91FB}.Release|Any CPU.Build.0 = Release|Any CPU
		{2848FD34-5E90-432E-81D3-3EA04A933B6A}.Debug|Any CPU.ActiveCfg = Debug|Any CPU
		{2848FD34-5E90-432E-81D3-3EA04A933B6A}.Debug|Any CPU.Build.0 = Debug|Any CPU
		{2848FD34-5E90-432E-81D3-3EA04A933B6A}.Release|Any CPU.ActiveCfg = Release|Any CPU
		{2848FD34-5E90-432E-81D3-3EA04A933B6A}.Release|Any CPU.Build.0 = Release|Any CPU
		{1B2FCCF5-7DE9-4405-A6C2-C7985021F228}.Debug|Any CPU.ActiveCfg = Debug|Any CPU
		{1B2FCCF5-7DE9-4405-A6C2-C7985021F228}.Debug|Any CPU.Build.0 = Debug|Any CPU
		{1B2FCCF5-7DE9-4405-A6C2-C7985021F228}.Release|Any CPU.ActiveCfg = Release|Any CPU
		{1B2FCCF5-7DE9-4405-A6C2-C7985021F228}.Release|Any CPU.Build.0 = Release|Any CPU
		{38F71CED-5954-412A-AE31-4DFFB9CE8BCF}.Debug|Any CPU.ActiveCfg = Debug|Any CPU
		{38F71CED-5954-412A-AE31-4DFFB9CE8BCF}.Debug|Any CPU.Build.0 = Debug|Any CPU
		{38F71CED-5954-412A-AE31-4DFFB9CE8BCF}.Release|Any CPU.ActiveCfg = Release|Any CPU
		{38F71CED-5954-412A-AE31-4DFFB9CE8BCF}.Release|Any CPU.Build.0 = Release|Any CPU
		{45FEE6E5-C781-4A05-9874-FAC3FE150A79}.Debug|Any CPU.ActiveCfg = Debug|Any CPU
		{45FEE6E5-C781-4A05-9874-FAC3FE150A79}.Debug|Any CPU.Build.0 = Debug|Any CPU
		{45FEE6E5-C781-4A05-9874-FAC3FE150A79}.Release|Any CPU.ActiveCfg = Release|Any CPU
		{45FEE6E5-C781-4A05-9874-FAC3FE150A79}.Release|Any CPU.Build.0 = Release|Any CPU
		{9B321275-FF69-4EF5-8848-501E1EFFCEEA}.Debug|Any CPU.ActiveCfg = Debug|Any CPU
		{9B321275-FF69-4EF5-8848-501E1EFFCEEA}.Debug|Any CPU.Build.0 = Debug|Any CPU
		{9B321275-FF69-4EF5-8848-501E1EFFCEEA}.Release|Any CPU.ActiveCfg = Release|Any CPU
		{9B321275-FF69-4EF5-8848-501E1EFFCEEA}.Release|Any CPU.Build.0 = Release|Any CPU
		{D9F06C87-8020-4726-9F4C-50A6E570940E}.Debug|Any CPU.ActiveCfg = Debug|Any CPU
		{D9F06C87-8020-4726-9F4C-50A6E570940E}.Debug|Any CPU.Build.0 = Debug|Any CPU
		{D9F06C87-8020-4726-9F4C-50A6E570940E}.Release|Any CPU.ActiveCfg = Release|Any CPU
		{D9F06C87-8020-4726-9F4C-50A6E570940E}.Release|Any CPU.Build.0 = Release|Any CPU
		{4C4423B1-0C8A-4025-ADAB-93A3293D090D}.Debug|Any CPU.ActiveCfg = Debug|Any CPU
		{4C4423B1-0C8A-4025-ADAB-93A3293D090D}.Debug|Any CPU.Build.0 = Debug|Any CPU
		{4C4423B1-0C8A-4025-ADAB-93A3293D090D}.Release|Any CPU.ActiveCfg = Release|Any CPU
		{4C4423B1-0C8A-4025-ADAB-93A3293D090D}.Release|Any CPU.Build.0 = Release|Any CPU
		{81A42C90-B2B1-48AD-91CF-863B39E0013E}.Debug|Any CPU.ActiveCfg = Debug|Any CPU
		{81A42C90-B2B1-48AD-91CF-863B39E0013E}.Debug|Any CPU.Build.0 = Debug|Any CPU
		{81A42C90-B2B1-48AD-91CF-863B39E0013E}.Release|Any CPU.ActiveCfg = Release|Any CPU
		{81A42C90-B2B1-48AD-91CF-863B39E0013E}.Release|Any CPU.Build.0 = Release|Any CPU
	EndGlobalSection
	GlobalSection(SolutionProperties) = preSolution
		HideSolutionNode = FALSE
	EndGlobalSection
	GlobalSection(ExtensibilityGlobals) = postSolution
		SolutionGuid = {AE0886F2-1E2C-49C2-8264-4D88A7FFD3BB}
	EndGlobalSection
EndGlobal
